
Microsoft Visual Studio Solution File, Format Version 12.00
# Visual Studio Version 16
VisualStudioVersion = 16.0.29709.97
MinimumVisualStudioVersion = 10.0.40219.1
Project("{FAE04EC0-301F-11D3-BF4B-00C04F79EFBC}") = "GomokuClient", "GomokuClient\GomokuClient.csproj", "{6A9C4D9D-0DF9-4538-9798-DDC93B88040B}"
EndProject
Project("{8BC9CEB8-8B4A-11D0-8D11-00A0C91BC942}") = "Server", "Server\Server.vcxproj", "{93059E03-B515-4960-B2E9-99431EEF8BCF}"
EndProject
Global
	GlobalSection(SolutionConfigurationPlatforms) = preSolution
		Debug|Any CPU = Debug|Any CPU
		Debug|x64 = Debug|x64
		Debug|x86 = Debug|x86
		Release|Any CPU = Release|Any CPU
		Release|x64 = Release|x64
		Release|x86 = Release|x86
	EndGlobalSection
	GlobalSection(ProjectConfigurationPlatforms) = postSolution
		{6A9C4D9D-0DF9-4538-9798-DDC93B88040B}.Debug|Any CPU.ActiveCfg = Debug|Any CPU
		{6A9C4D9D-0DF9-4538-9798-DDC93B88040B}.Debug|Any CPU.Build.0 = Debug|Any CPU
		{6A9C4D9D-0DF9-4538-9798-DDC93B88040B}.Debug|x64.ActiveCfg = Debug|Any CPU
		{6A9C4D9D-0DF9-4538-9798-DDC93B88040B}.Debug|x64.Build.0 = Debug|Any CPU
		{6A9C4D9D-0DF9-4538-9798-DDC93B88040B}.Debug|x86.ActiveCfg = Debug|Any CPU
		{6A9C4D9D-0DF9-4538-9798-DDC93B88040B}.Debug|x86.Build.0 = Debug|Any CPU
		{6A9C4D9D-0DF9-4538-9798-DDC93B88040B}.Release|Any CPU.ActiveCfg = Release|Any CPU
		{6A9C4D9D-0DF9-4538-9798-DDC93B88040B}.Release|Any CPU.Build.0 = Release|Any CPU
		{6A9C4D9D-0DF9-4538-9798-DDC93B88040B}.Release|x64.ActiveCfg = Release|Any CPU
		{6A9C4D9D-0DF9-4538-9798-DDC93B88040B}.Release|x64.Build.0 = Release|Any CPU
		{6A9C4D9D-0DF9-4538-9798-DDC93B88040B}.Release|x86.ActiveCfg = Release|Any CPU
		{6A9C4D9D-0DF9-4538-9798-DDC93B88040B}.Release|x86.Build.0 = Release|Any CPU
		{93059E03-B515-4960-B2E9-99431EEF8BCF}.Debug|Any CPU.ActiveCfg = Debug|Win32
		{93059E03-B515-4960-B2E9-99431EEF8BCF}.Debug|x64.ActiveCfg = Debug|x64
		{93059E03-B515-4960-B2E9-99431EEF8BCF}.Debug|x64.Build.0 = Debug|x64
		{93059E03-B515-4960-B2E9-99431EEF8BCF}.Debug|x86.ActiveCfg = Debug|Win32
		{93059E03-B515-4960-B2E9-99431EEF8BCF}.Debug|x86.Build.0 = Debug|Win32
		{93059E03-B515-4960-B2E9-99431EEF8BCF}.Release|Any CPU.ActiveCfg = Release|Win32
		{93059E03-B515-4960-B2E9-99431EEF8BCF}.Release|x64.ActiveCfg = Release|x64
		{93059E03-B515-4960-B2E9-99431EEF8BCF}.Release|x64.Build.0 = Release|x64
		{93059E03-B515-4960-B2E9-99431EEF8BCF}.Release|x86.ActiveCfg = Release|Win32
		{93059E03-B515-4960-B2E9-99431EEF8BCF}.Release|x86.Build.0 = Release|Win32
	EndGlobalSection
	GlobalSection(SolutionProperties) = preSolution
		HideSolutionNode = FALSE
	EndGlobalSection
	GlobalSection(ExtensibilityGlobals) = postSolution
		SolutionGuid = {404FC75B-7BEC-4134-B877-A5D782D8061B}
	EndGlobalSection
EndGlobal
